Microsoft Visual Studio Solution File, Format Version 12.00
# Visual Studio Version 17
VisualStudioVersion = 17.5.2.0
MinimumVisualStudioVersion = 10.0.40219.1
Project("{FAE04EC0-301F-11D3-BF4B-00C04F79EFBC}") = "project_alpha", "project_alpha.csproj", "{8E30C06A-BB95-FBD3-3ACB-D7EF6AA17A3B}"
EndProject
Global
	GlobalSection(SolutionConfigurationPlatforms) = preSolution
		Debug|Any CPU = Debug|Any CPU
		Release|Any CPU = Release|Any CPU
	EndGlobalSection
	GlobalSection(ProjectConfigurationPlatforms) = postSolution
		{8E30C06A-BB95-FBD3-3ACB-D7EF6AA17A3B}.Debug|Any CPU.ActiveCfg = Debug|Any CPU
		{8E30C06A-BB95-FBD3-3ACB-D7EF6AA17A3B}.Debug|Any CPU.Build.0 = Debug|Any CPU
		{8E30C06A-BB95-FBD3-3ACB-D7EF6AA17A3B}.Release|Any CPU.ActiveCfg = Release|Any CPU
		{8E30C06A-BB95-FBD3-3ACB-D7EF6AA17A3B}.Release|Any CPU.Build.0 = Release|Any CPU
	EndGlobalSection
	GlobalSection(SolutionProperties) = preSolution
		HideSolutionNode = FALSE
	EndGlobalSection
	GlobalSection(ExtensibilityGlobals) = postSolution
		SolutionGuid = {CBF4BF24-CB78-48BC-8174-0F5F172CFFCF}
	EndGlobalSection
EndGlobal
